
Microsoft Visual Studio Solution File, Format Version 12.00
# Visual Studio 14
VisualStudioVersion = 14.0.25420.1
MinimumVisualStudioVersion = 10.0.40219.1
Project("{FAE04EC0-301F-11D3-BF4B-00C04F79EFBC}") = "UMLtrainer", "UMLtrainer\UMLtrainer.csproj", "{A26B381A-7ABE-4957-8871-5685B410A4E9}"
	ProjectSection(ProjectDependencies) = postProject
		{7790A7B7-A268-4400-8D7E-9001455AD179} = {7790A7B7-A268-4400-8D7E-9001455AD179}
	EndProjectSection
EndProject
Project("{FAE04EC0-301F-11D3-BF4B-00C04F79EFBC}") = "UMLTrainer.Domain", "UMLTrainer.Domain\UMLTrainer.Domain.csproj", "{AA018484-DC8D-411B-81D1-0C6390BB8AAA}"
EndProject
Project("{FAE04EC0-301F-11D3-BF4B-00C04F79EFBC}") = "UMLTrainer.WebAPI", "UMLTrainer.WebAPI\UMLTrainer.WebAPI.csproj", "{7790A7B7-A268-4400-8D7E-9001455AD179}"
	ProjectSection(ProjectDependencies) = postProject
		{AA018484-DC8D-411B-81D1-0C6390BB8AAA} = {AA018484-DC8D-411B-81D1-0C6390BB8AAA}
		{77A354A8-8FAD-4505-A962-E5301B4EEB2A} = {77A354A8-8FAD-4505-A962-E5301B4EEB2A}
	EndProjectSection
EndProject
Project("{FAE04EC0-301F-11D3-BF4B-00C04F79EFBC}") = "UMLTrainer.SecurityAgent", "UMLTrainer.SecurityAgent\UMLTrainer.SecurityAgent.csproj", "{77A354A8-8FAD-4505-A962-E5301B4EEB2A}"
EndProject
Global
	GlobalSection(SolutionConfigurationPlatforms) = preSolution
		Debug|Any CPU = Debug|Any CPU
		Release|Any CPU = Release|Any CPU
	EndGlobalSection
	GlobalSection(ProjectConfigurationPlatforms) = postSolution
		{A26B381A-7ABE-4957-8871-5685B410A4E9}.Debug|Any CPU.ActiveCfg = Debug|Any CPU
		{A26B381A-7ABE-4957-8871-5685B410A4E9}.Debug|Any CPU.Build.0 = Debug|Any CPU
		{A26B381A-7ABE-4957-8871-5685B410A4E9}.Release|Any CPU.ActiveCfg = Release|Any CPU
		{A26B381A-7ABE-4957-8871-5685B410A4E9}.Release|Any CPU.Build.0 = Release|Any CPU
		{AA018484-DC8D-411B-81D1-0C6390BB8AAA}.Debug|Any CPU.ActiveCfg = Debug|Any CPU
		{AA018484-DC8D-411B-81D1-0C6390BB8AAA}.Debug|Any CPU.Build.0 = Debug|Any CPU
		{AA018484-DC8D-411B-81D1-0C6390BB8AAA}.Release|Any CPU.ActiveCfg = Release|Any CPU
		{AA018484-DC8D-411B-81D1-0C6390BB8AAA}.Release|Any CPU.Build.0 = Release|Any CPU
		{7790A7B7-A268-4400-8D7E-9001455AD179}.Debug|Any CPU.ActiveCfg = Debug|Any CPU
		{7790A7B7-A268-4400-8D7E-9001455AD179}.Debug|Any CPU.Build.0 = Debug|Any CPU
		{7790A7B7-A268-4400-8D7E-9001455AD179}.Release|Any CPU.ActiveCfg = Release|Any CPU
		{7790A7B7-A268-4400-8D7E-9001455AD179}.Release|Any CPU.Build.0 = Release|Any CPU
		{77A354A8-8FAD-4505-A962-E5301B4EEB2A}.Debug|Any CPU.ActiveCfg = Debug|Any CPU
		{77A354A8-8FAD-4505-A962-E5301B4EEB2A}.Debug|Any CPU.Build.0 = Debug|Any CPU
		{77A354A8-8FAD-4505-A962-E5301B4EEB2A}.Release|Any CPU.ActiveCfg = Release|Any CPU
		{77A354A8-8FAD-4505-A962-E5301B4EEB2A}.Release|Any CPU.Build.0 = Release|Any CPU
	EndGlobalSection
	GlobalSection(SolutionProperties) = preSolution
		HideSolutionNode = FALSE
	EndGlobalSection
EndGlobal
